<Solution>
  <Folder Name="/src/">
    <Project Path="src/Triangle.Core/Triangle.Core.csproj" />
    <Project Path="src/Triangle.Desktop/Triangle.Desktop.csproj" />
    <Project Path="src/Triangle.DataTool/Triangle.DataTool.csproj" />
  </Folder>
  <Folder Name="/tests/">
    <Project Path="tests/Triangle.Core.Tests/Triangle.Core.Tests.csproj" />
  </Folder>
</Solution>
